
Microsoft Visual Studio Solution File, Format Version 12.00
# Visual Studio Version 16
VisualStudioVersion = 16.0.31410.357
MinimumVisualStudioVersion = 10.0.40219.1
Project("{FAE04EC0-301F-11D3-BF4B-00C04F79EFBC}") = "proyecto_desarrollo", "proyecto_desarrollo\proyecto_desarrollo.csproj", "{D7194E3D-1A07-40FF-9DF6-BA6DA529DF62}"
EndProject
Global
	GlobalSection(SolutionConfigurationPlatforms) = preSolution
		Debug|Any CPU = Debug|Any CPU
		Release|Any CPU = Release|Any CPU
	EndGlobalSection
	GlobalSection(ProjectConfigurationPlatforms) = postSolution
		{D7194E3D-1A07-40FF-9DF6-BA6DA529DF62}.Debug|Any CPU.ActiveCfg = Debug|Any CPU
		{D7194E3D-1A07-40FF-9DF6-BA6DA529DF62}.Debug|Any CPU.Build.0 = Debug|Any CPU
		{D7194E3D-1A07-40FF-9DF6-BA6DA529DF62}.Release|Any CPU.ActiveCfg = Release|Any CPU
		{D7194E3D-1A07-40FF-9DF6-BA6DA529DF62}.Release|Any CPU.Build.0 = Release|Any CPU
	EndGlobalSection
	GlobalSection(SolutionProperties) = preSolution
		HideSolutionNode = FALSE
	EndGlobalSection
	GlobalSection(ExtensibilityGlobals) = postSolution
		SolutionGuid = {7C0D16E6-019B-4843-9D40-F3095DF6487B}
	EndGlobalSection
EndGlobal
