
Microsoft Visual Studio Solution File, Format Version 12.00
# Visual Studio Version 16
VisualStudioVersion = 16.0.31410.357
MinimumVisualStudioVersion = 10.0.40219.1
Project("{F184B08F-C81C-45F6-A57F-5ABD9991F28F}") = "Empleado", "Empleado\Empleado.vbproj", "{79955EAA-CE1D-4402-8574-B2C2603F54BA}"
EndProject
Global
	GlobalSection(SolutionConfigurationPlatforms) = preSolution
		Debug|Any CPU = Debug|Any CPU
		Release|Any CPU = Release|Any CPU
	EndGlobalSection
	GlobalSection(ProjectConfigurationPlatforms) = postSolution
		{79955EAA-CE1D-4402-8574-B2C2603F54BA}.Debug|Any CPU.ActiveCfg = Debug|Any CPU
		{79955EAA-CE1D-4402-8574-B2C2603F54BA}.Debug|Any CPU.Build.0 = Debug|Any CPU
		{79955EAA-CE1D-4402-8574-B2C2603F54BA}.Release|Any CPU.ActiveCfg = Release|Any CPU
		{79955EAA-CE1D-4402-8574-B2C2603F54BA}.Release|Any CPU.Build.0 = Release|Any CPU
	EndGlobalSection
	GlobalSection(SolutionProperties) = preSolution
		HideSolutionNode = FALSE
	EndGlobalSection
	GlobalSection(ExtensibilityGlobals) = postSolution
		SolutionGuid = {69B82E1A-B25B-43F4-B66B-187913F2E5BF}
	EndGlobalSection
EndGlobal
